
Microsoft Visual Studio Solution File, Format Version 12.00
# Visual Studio Version 17
VisualStudioVersion = 17.3.32819.101
MinimumVisualStudioVersion = 10.0.40219.1
Project("{FAE04EC0-301F-11D3-BF4B-00C04F79EFBC}") = "Perceptron", "Perceptron.csproj", "{F051CF05-5428-447D-9B6F-703FE686283B}"
EndProject
Global
	GlobalSection(SolutionConfigurationPlatforms) = preSolution
		Debug|Any CPU = Debug|Any CPU
		Release|Any CPU = Release|Any CPU
	EndGlobalSection
	GlobalSection(ProjectConfigurationPlatforms) = postSolution
		{F051CF05-5428-447D-9B6F-703FE686283B}.Debug|Any CPU.ActiveCfg = Debug|Any CPU
		{F051CF05-5428-447D-9B6F-703FE686283B}.Debug|Any CPU.Build.0 = Debug|Any CPU
		{F051CF05-5428-447D-9B6F-703FE686283B}.Release|Any CPU.ActiveCfg = Release|Any CPU
		{F051CF05-5428-447D-9B6F-703FE686283B}.Release|Any CPU.Build.0 = Release|Any CPU
	EndGlobalSection
	GlobalSection(SolutionProperties) = preSolution
		HideSolutionNode = FALSE
	EndGlobalSection
	GlobalSection(ExtensibilityGlobals) = postSolution
		SolutionGuid = {F3C95D60-74FD-480A-9AB5-088F772049F2}
	EndGlobalSection
EndGlobal
